%{
  "castore": {:hex, :castore, "1.0.17", "4f9770d2d45fbd91dcf6bd404cf64e7e58fed04fadda0923dc32acca0badffa2", [:mix], [], "hexpm", "12d24b9d80b910dd3953e165636d68f147a31db945d2dcb9365e441f8b5351e5"},
  "cowlib": {:hex, :cowlib, "2.16.0", "54592074ebbbb92ee4746c8a8846e5605052f29309d3a873468d76cdf932076f", [:make, :rebar3], [], "hexpm", "7f478d80d66b747344f0ea7708c187645cfcc08b11aa424632f78e25bf05db51"},
  "exception": {:hex, :exception, "2.1.0", "16269171ae9e813fdb9ea627715b4c1ed03569a7568c23b5a5cedde28158e124", [:gleam], [{:gleam_stdlib, "~> 0.30 or ~> 1.0", [hex: :gleam_stdlib, repo: "hexpm", optional: false]}], "hexpm", "329d269d5c2a314f7364bd2711372b6f2c58fa6f39981572e5ca68624d291f8c"},
  "gleam_automerge": {:hex, :gleam_automerge, "0.1.2", "5e0e535efb8880567c23d3461e27380363d9daed0709d2b46f95328fa89e5aba", [:mix], [{:gleam_stdlib, "~> 0.69", [hex: :gleam_stdlib, repo: "hexpm", optional: false]}, {:mix_gleam, "~> 0.6", [hex: :mix_gleam, repo: "hexpm", optional: false]}, {:rustler, ">= 0.0.0", [hex: :rustler, repo: "hexpm", optional: false]}, {:rustler_precompiled, "~> 0.8", [hex: :rustler_precompiled, repo: "hexpm", optional: false]}], "hexpm", "2f80feff0d94bc19889c8096e6c4b0d571ec45069eddc63c48f8c3e4fd256fe7"},
  "gleam_crypto": {:hex, :gleam_crypto, "1.5.1", "bfde2c05d000ee78e2de212f8964ce7554840fac3b72434b275bc07c9427fd46", [:gleam], [{:gleam_stdlib, "~> 0.32", [hex: :gleam_stdlib, repo: "hexpm", optional: false]}], "hexpm", "50774bafff1144e7872814c566c5d653d83a3ebf23acc3156b757a1b6819086e"},
  "gleam_erlang": {:hex, :gleam_erlang, "1.3.0", "9fcd816c34bfe04fb011e481086575755d7dc699af729d621a039667f10cb9ff", [:gleam], [{:gleam_stdlib, ">= 0.53.0 and < 2.0.0", [hex: :gleam_stdlib, repo: "hexpm", optional: false]}], "hexpm", "1124ad3aa21143e5af0fc5cf3d9529f6db8ca03e43a55711b60b6b7b3874375c"},
  "gleam_http": {:hex, :gleam_http, "4.3.0", "ead739f30be45cb4113d544f65c14da5d7fb0dd79710ffcd4b30e4a9e59505e5", [:gleam], [{:gleam_stdlib, ">= 0.45.0 and < 2.0.0", [hex: :gleam_stdlib, repo: "hexpm", optional: false]}], "hexpm", "82ea6a717c842456188c190afb372665ea56ce13d8559bf3b1dd9e40f619ee0c"},
  "gleam_otp": {:hex, :gleam_otp, "1.2.0", "36339de23e13de2f17b166b0f9e4b767088700b47fcc42bd154b1e121c7d2155", [:gleam], [{:gleam_erlang, ">= 1.0.0 and < 2.0.0", [hex: :gleam_erlang, repo: "hexpm", optional: false]}, {:gleam_stdlib, ">= 0.60.0 and < 2.0.0", [hex: :gleam_stdlib, repo: "hexpm", optional: false]}], "hexpm", "ba6a294e295e428ec1562dc1c11ea7530dcb981e8359134beabc8493b7b2258e"},
  "gleam_stdlib": {:hex, :gleam_stdlib, "0.69.0", "6c5dfdda2cd9a9c5d9181355b985a5a88553322e0e58d67dd5a60e16a823fe5e", [:gleam], [], "hexpm", "aab0962bebfaa67a2fbee9eee218b057756808dc9af77430f5182c6115b3a315"},
  "gleam_yielder": {:hex, :gleam_yielder, "1.1.0", "c0a3859f5919c062fd041795d665b8a7e8efcebf0920a40afde6181a63743476", [:gleam], [{:gleam_stdlib, ">= 0.34.0 and < 2.0.0", [hex: :gleam_stdlib, repo: "hexpm", optional: false]}], "hexpm", "8e4e4ecfa7982859f430c57f549200c7749823c106759f4a19a78aea6687717a"},
  "gleeunit": {:hex, :gleeunit, "1.9.0", "643b5099e5891d67c806a3228c846b1e4f600a733358fb3adf45eb616bb29d6f", [:gleam], [{:gleam_stdlib, ">= 0.60.0 and < 1.0.0", [hex: :gleam_stdlib, repo: "hexpm", optional: false]}], "hexpm", "da9553ce58b67924b3c631f96fe3370c49eb6d6dc6b384ec4862cc4aaa718f3c"},
  "glisten": {:hex, :glisten, "8.0.3", "274d33ea476a0def2b759bcc323eff77d083b9f53a3a19c1fe811531abeb7a4b", [:gleam], [{:gleam_erlang, ">= 1.0.0 and < 2.0.0", [hex: :gleam_erlang, repo: "hexpm", optional: false]}, {:gleam_otp, ">= 1.0.0 and < 2.0.0", [hex: :gleam_otp, repo: "hexpm", optional: false]}, {:gleam_stdlib, ">= 0.59.0 and < 1.0.0", [hex: :gleam_stdlib, repo: "hexpm", optional: false]}, {:logging, ">= 1.3.0 and < 2.0.0", [hex: :logging, repo: "hexpm", optional: false]}, {:telemetry, ">= 1.2.1 and < 2.0.0", [hex: :telemetry, repo: "hexpm", optional: false]}], "hexpm", "86b838196592d9ebde7a1d2369ae3a51e568f7dd2d168706c463c42d17b95312"},
  "gramps": {:hex, :gramps, "6.0.0", "521265fb6fc26429b9fc90c144e59bae3374ffb2839f78b33e5f9e6a6ca8ebc0", [:gleam], [{:gleam_crypto, ">= 1.3.0 and < 2.0.0", [hex: :gleam_crypto, repo: "hexpm", optional: false]}, {:gleam_erlang, ">= 1.0.0 and < 2.0.0", [hex: :gleam_erlang, repo: "hexpm", optional: false]}, {:gleam_http, ">= 3.6.0 and < 5.0.0", [hex: :gleam_http, repo: "hexpm", optional: false]}, {:gleam_stdlib, ">= 0.44.0 and < 1.0.0", [hex: :gleam_stdlib, repo: "hexpm", optional: false]}], "hexpm", "8b7195978fbfd30b43df791a8a272041b81e45d245314d7a41fc57237aa882a0"},
  "gun": {:hex, :gun, "2.2.0", "b8f6b7d417e277d4c2b0dc3c07dfdf892447b087f1cc1caff9c0f556b884e33d", [:make, :rebar3], [{:cowlib, ">= 2.15.0 and < 3.0.0", [hex: :cowlib, repo: "hexpm", optional: false]}], "hexpm", "76022700c64287feb4df93a1795cff6741b83fb37415c40c34c38d2a4645261a"},
  "hpack_erl": {:hex, :hpack_erl, "0.3.0", "2461899cc4ab6a0ef8e970c1661c5fc6a52d3c25580bc6dd204f84ce94669926", [:rebar3], [], "hexpm", "d6137d7079169d8c485c6962dfe261af5b9ef60fbc557344511c1e65e3d95fb0"},
  "jason": {:hex, :jason, "1.4.4", "b9226785a9aa77b6857ca22832cffa5d5011a667207eb2a0ad56adb5db443b8a", [:mix], [{:decimal, "~> 1.0 or ~> 2.0", [hex: :decimal, repo: "hexpm", optional: true]}], "hexpm", "c5eb0cab91f094599f94d55bc63409236a8ec69a21a67814529e8d5f6cc90b3b"},
  "logging": {:hex, :logging, "1.3.0", "49e2aeadf33a17cb3840be5d506f04017d6804c7b83037289561b9c8de614d59", [:gleam], [{:gleam_stdlib, "~> 0.34 or ~> 1.0", [hex: :gleam_stdlib, repo: "hexpm", optional: false]}], "hexpm", "1098fbf10b54b44c2c7fdf0b01c1253cafacdacabefb4b0d027803246753e06d"},
  "mist": {:hex, :mist, "5.0.4", "dd6e1e8e23b4d326dbbb507611e822c995fa5669128f1738bd339eb4fe3952bb", [:gleam], [{:exception, ">= 2.1.0 and < 3.0.0", [hex: :exception, repo: "hexpm", optional: false]}, {:gleam_erlang, ">= 1.0.0 and < 2.0.0", [hex: :gleam_erlang, repo: "hexpm", optional: false]}, {:gleam_http, ">= 4.0.0 and < 5.0.0", [hex: :gleam_http, repo: "hexpm", optional: false]}, {:gleam_otp, ">= 1.0.0 and < 2.0.0", [hex: :gleam_otp, repo: "hexpm", optional: false]}, {:gleam_stdlib, ">= 0.50.0 and < 1.0.0", [hex: :gleam_stdlib, repo: "hexpm", optional: false]}, {:gleam_yielder, ">= 1.1.0 and < 2.0.0", [hex: :gleam_yielder, repo: "hexpm", optional: false]}, {:glisten, ">= 8.0.0 and < 9.0.0", [hex: :glisten, repo: "hexpm", optional: false]}, {:gramps, ">= 6.0.0 and < 7.0.0", [hex: :gramps, repo: "hexpm", optional: false]}, {:hpack_erl, ">= 0.3.0 and < 1.0.0", [hex: :hpack_erl, repo: "hexpm", optional: false]}, {:logging, ">= 1.0.0 and < 2.0.0", [hex: :logging, repo: "hexpm", optional: false]}], "hexpm", "7ced4b2d81fd547adb093d97b9928b9419a7f58b8562a30a6cc17a252b31ad05"},
  "mix_gleam": {:hex, :mix_gleam, "0.6.2", "267b31b50028185dfb540f08aac1587dd74105fe46b59069d80814b1d534c0b9", [:mix], [], "hexpm", "d354680229729387d329248eabf10739748ebe3c0b2781c79f98ec772a62af6e"},
  "rustler": {:hex, :rustler, "0.37.3", "5f4e6634d43b26f0a69834dd1d3ed4e1710b022a053bf4a670220c9540c92602", [:mix], [{:jason, "~> 1.0", [hex: :jason, repo: "hexpm", optional: false]}], "hexpm", "a6872c6f53dcf00486d1e7f9e046e20e01bf1654bdacc4193016c2e8002b32a2"},
  "rustler_precompiled": {:hex, :rustler_precompiled, "0.8.4", "700a878312acfac79fb6c572bb8b57f5aae05fe1cf70d34b5974850bbf2c05bf", [:mix], [{:castore, "~> 0.1 or ~> 1.0", [hex: :castore, repo: "hexpm", optional: false]}, {:rustler, "~> 0.23", [hex: :rustler, repo: "hexpm", optional: true]}], "hexpm", "3b33d99b540b15f142ba47944f7a163a25069f6d608783c321029bc1ffb09514"},
  "telemetry": {:hex, :telemetry, "1.3.0", "fedebbae410d715cf8e7062c96a1ef32ec22e764197f70cda73d82778d61e7a2", [:rebar3], [], "hexpm", "7015fc8919dbe63764f4b4b87a95b7c0996bd539e0d499be6ec9d7f3875b79e6"},
}
